
Microsoft Visual Studio Solution File, Format Version 12.00
# Visual Studio Version 17
VisualStudioVersion = 17.4.33122.133
MinimumVisualStudioVersion = 10.0.40219.1
Project("{FAE04EC0-301F-11D3-BF4B-00C04F79EFBC}") = "multiform", "multiform\multiform.csproj", "{915AA848-4039-431C-8E5C-7D7CAD06A126}"
EndProject
Global
	GlobalSection(SolutionConfigurationPlatforms) = preSolution
		Debug|Any CPU = Debug|Any CPU
		Release|Any CPU = Release|Any CPU
	EndGlobalSection
	GlobalSection(ProjectConfigurationPlatforms) = postSolution
		{915AA848-4039-431C-8E5C-7D7CAD06A126}.Debug|Any CPU.ActiveCfg = Debug|Any CPU
		{915AA848-4039-431C-8E5C-7D7CAD06A126}.Debug|Any CPU.Build.0 = Debug|Any CPU
		{915AA848-4039-431C-8E5C-7D7CAD06A126}.Release|Any CPU.ActiveCfg = Release|Any CPU
		{915AA848-4039-431C-8E5C-7D7CAD06A126}.Release|Any CPU.Build.0 = Release|Any CPU
	EndGlobalSection
	GlobalSection(SolutionProperties) = preSolution
		HideSolutionNode = FALSE
	EndGlobalSection
	GlobalSection(ExtensibilityGlobals) = postSolution
		SolutionGuid = {58BFA8A9-CCEB-4710-9642-D924A0445A20}
	EndGlobalSection
EndGlobal
